
Microsoft Visual Studio Solution File, Format Version 12.00
# Visual Studio Version 16
VisualStudioVersion = 16.0.31515.178
MinimumVisualStudioVersion = 10.0.40219.1
Project("{FAE04EC0-301F-11D3-BF4B-00C04F79EFBC}") = "Password", "Password\Password.csproj", "{E185F634-F6AC-41B0-BCCC-EA1D07A87074}"
EndProject
Project("{FAE04EC0-301F-11D3-BF4B-00C04F79EFBC}") = "PasswordTests", "PasswordTests\PasswordTests.csproj", "{AD1EBE86-28A3-4FCB-9967-F5228FECA64F}"
EndProject
Global
	GlobalSection(SolutionConfigurationPlatforms) = preSolution
		Debug|Any CPU = Debug|Any CPU
		Release|Any CPU = Release|Any CPU
	EndGlobalSection
	GlobalSection(ProjectConfigurationPlatforms) = postSolution
		{E185F634-F6AC-41B0-BCCC-EA1D07A87074}.Debug|Any CPU.ActiveCfg = Debug|Any CPU
		{E185F634-F6AC-41B0-BCCC-EA1D07A87074}.Debug|Any CPU.Build.0 = Debug|Any CPU
		{E185F634-F6AC-41B0-BCCC-EA1D07A87074}.Release|Any CPU.ActiveCfg = Release|Any CPU
		{E185F634-F6AC-41B0-BCCC-EA1D07A87074}.Release|Any CPU.Build.0 = Release|Any CPU
		{AD1EBE86-28A3-4FCB-9967-F5228FECA64F}.Debug|Any CPU.ActiveCfg = Debug|Any CPU
		{AD1EBE86-28A3-4FCB-9967-F5228FECA64F}.Debug|Any CPU.Build.0 = Debug|Any CPU
		{AD1EBE86-28A3-4FCB-9967-F5228FECA64F}.Release|Any CPU.ActiveCfg = Release|Any CPU
		{AD1EBE86-28A3-4FCB-9967-F5228FECA64F}.Release|Any CPU.Build.0 = Release|Any CPU
	EndGlobalSection
	GlobalSection(SolutionProperties) = preSolution
		HideSolutionNode = FALSE
	EndGlobalSection
	GlobalSection(ExtensibilityGlobals) = postSolution
		SolutionGuid = {C1CCC066-18F9-4B9C-BDC1-A9EF13D1D82C}
	EndGlobalSection
EndGlobal
