
Microsoft Visual Studio Solution File, Format Version 12.00
# Visual Studio Version 16
VisualStudioVersion = 16.0.31515.178
MinimumVisualStudioVersion = 10.0.40219.1
Project("{FAE04EC0-301F-11D3-BF4B-00C04F79EFBC}") = "Exception", "Exception\Exception.csproj", "{4DDBA4F8-8805-4918-8402-8649D89666E1}"
EndProject
Global
	GlobalSection(SolutionConfigurationPlatforms) = preSolution
		Debug|Any CPU = Debug|Any CPU
		Release|Any CPU = Release|Any CPU
	EndGlobalSection
	GlobalSection(ProjectConfigurationPlatforms) = postSolution
		{4DDBA4F8-8805-4918-8402-8649D89666E1}.Debug|Any CPU.ActiveCfg = Debug|Any CPU
		{4DDBA4F8-8805-4918-8402-8649D89666E1}.Debug|Any CPU.Build.0 = Debug|Any CPU
		{4DDBA4F8-8805-4918-8402-8649D89666E1}.Release|Any CPU.ActiveCfg = Release|Any CPU
		{4DDBA4F8-8805-4918-8402-8649D89666E1}.Release|Any CPU.Build.0 = Release|Any CPU
	EndGlobalSection
	GlobalSection(SolutionProperties) = preSolution
		HideSolutionNode = FALSE
	EndGlobalSection
	GlobalSection(ExtensibilityGlobals) = postSolution
		SolutionGuid = {3F507CD9-2CD2-4038-8380-BF3B0B60EDAD}
	EndGlobalSection
EndGlobal
